
Microsoft Visual Studio Solution File, Format Version 12.00
# Visual Studio Version 16
VisualStudioVersion = 16.0.31424.327
MinimumVisualStudioVersion = 10.0.40219.1
Project("{FAE04EC0-301F-11D3-BF4B-00C04F79EFBC}") = "FactoryMethod", "FactoryMethod\FactoryMethod.csproj", "{0AEC92CF-FC22-46B7-991F-49F8BB51AD71}"
EndProject
Global
	GlobalSection(SolutionConfigurationPlatforms) = preSolution
		Debug|Any CPU = Debug|Any CPU
		Release|Any CPU = Release|Any CPU
	EndGlobalSection
	GlobalSection(ProjectConfigurationPlatforms) = postSolution
		{0AEC92CF-FC22-46B7-991F-49F8BB51AD71}.Debug|Any CPU.ActiveCfg = Debug|Any CPU
		{0AEC92CF-FC22-46B7-991F-49F8BB51AD71}.Debug|Any CPU.Build.0 = Debug|Any CPU
		{0AEC92CF-FC22-46B7-991F-49F8BB51AD71}.Release|Any CPU.ActiveCfg = Release|Any CPU
		{0AEC92CF-FC22-46B7-991F-49F8BB51AD71}.Release|Any CPU.Build.0 = Release|Any CPU
	EndGlobalSection
	GlobalSection(SolutionProperties) = preSolution
		HideSolutionNode = FALSE
	EndGlobalSection
	GlobalSection(ExtensibilityGlobals) = postSolution
		SolutionGuid = {8392126E-C7B9-45F1-805A-CD1F5A33DEA2}
	EndGlobalSection
EndGlobal
